
Microsoft Visual Studio Solution File, Format Version 12.00
# Visual Studio Version 16
VisualStudioVersion = 16.0.30503.244
MinimumVisualStudioVersion = 10.0.40219.1
Project("{FAE04EC0-301F-11D3-BF4B-00C04F79EFBC}") = "EPAM.FinalProject.Entities", "EPAM.FinalProject.Entities\EPAM.FinalProject.Entities.csproj", "{C13977B0-7AF6-4F17-9669-A66C7F896EC9}"
EndProject
Project("{FAE04EC0-301F-11D3-BF4B-00C04F79EFBC}") = "EPAM.FinalProject.DAL", "EPAM.FinalProject.DAL\EPAM.FinalProject.DAL.csproj", "{B03C8D5F-ADD4-4957-806F-9F468D2C9E2B}"
EndProject
Project("{FAE04EC0-301F-11D3-BF4B-00C04F79EFBC}") = "EPAM.FinalProject.DAL.Interface", "EPAM.FinalProject.DAL.Interface\EPAM.FinalProject.DAL.Interface.csproj", "{24EE6353-8EDF-48C3-A09E-E8326B554EF4}"
EndProject
Project("{FAE04EC0-301F-11D3-BF4B-00C04F79EFBC}") = "EPAM.FinalProject.BLL", "EPAM.FinalProject.BLL\EPAM.FinalProject.BLL.csproj", "{FF5F48C7-A438-42A8-BC87-6454343FD197}"
EndProject
Project("{FAE04EC0-301F-11D3-BF4B-00C04F79EFBC}") = "EPAM.FinalProject.BLL.Interface", "EPAM.FinalProject.BLL.Interface\EPAM.FinalProject.BLL.Interface.csproj", "{9E4AD9E7-122F-486C-9BD6-D1DD0A7D8CC0}"
EndProject
Project("{2150E333-8FDC-42A3-9474-1A3956D46DE8}") = "DAL", "DAL", "{A4E7A4C1-381C-450C-9860-AE756E1F0BB1}"
EndProject
Project("{2150E333-8FDC-42A3-9474-1A3956D46DE8}") = "BLL", "BLL", "{132803F3-FEEE-4B1C-B7B0-4CA1453E7FC5}"
EndProject
Project("{2150E333-8FDC-42A3-9474-1A3956D46DE8}") = "PL", "PL", "{DA7F3DAE-04F4-4C86-A19B-FCBAB6735A2B}"
EndProject
Project("{2150E333-8FDC-42A3-9474-1A3956D46DE8}") = "Common", "Common", "{6CCDD89A-3B45-481E-B611-AF8C9EB92A15}"
EndProject
Project("{FAE04EC0-301F-11D3-BF4B-00C04F79EFBC}") = "EPAM.FinalProject.PL", "EPAM.FinalProject.PL\EPAM.FinalProject.PL.csproj", "{C6DAF361-E1B5-450E-A88E-A649B8E3866B}"
EndProject
Project("{FAE04EC0-301F-11D3-BF4B-00C04F79EFBC}") = "EPAM.FinalProject.DAL.Dependencies", "EPAM.FinalProject.DAL.Dependencies\EPAM.FinalProject.DAL.Dependencies.csproj", "{06CB53AF-7599-4F6D-972D-8D5F63965A83}"
EndProject
Project("{FAE04EC0-301F-11D3-BF4B-00C04F79EFBC}") = "EPAM.FinalProject.BLL.Dependencies", "EPAM.FinalProject.BLL.Dependencies\EPAM.FinalProject.BLL.Dependencies.csproj", "{784D852D-4BF9-40D0-909F-A922024F4146}"
EndProject
Global
	GlobalSection(SolutionConfigurationPlatforms) = preSolution
		Debug|Any CPU = Debug|Any CPU
		Release|Any CPU = Release|Any CPU
	EndGlobalSection
	GlobalSection(ProjectConfigurationPlatforms) = postSolution
		{C13977B0-7AF6-4F17-9669-A66C7F896EC9}.Debug|Any CPU.ActiveCfg = Debug|Any CPU
		{C13977B0-7AF6-4F17-9669-A66C7F896EC9}.Debug|Any CPU.Build.0 = Debug|Any CPU
		{C13977B0-7AF6-4F17-9669-A66C7F896EC9}.Release|Any CPU.ActiveCfg = Release|Any CPU
		{C13977B0-7AF6-4F17-9669-A66C7F896EC9}.Release|Any CPU.Build.0 = Release|Any CPU
		{B03C8D5F-ADD4-4957-806F-9F468D2C9E2B}.Debug|Any CPU.ActiveCfg = Debug|Any CPU
		{B03C8D5F-ADD4-4957-806F-9F468D2C9E2B}.Debug|Any CPU.Build.0 = Debug|Any CPU
		{B03C8D5F-ADD4-4957-806F-9F468D2C9E2B}.Release|Any CPU.ActiveCfg = Release|Any CPU
		{B03C8D5F-ADD4-4957-806F-9F468D2C9E2B}.Release|Any CPU.Build.0 = Release|Any CPU
		{24EE6353-8EDF-48C3-A09E-E8326B554EF4}.Debug|Any CPU.ActiveCfg = Debug|Any CPU
		{24EE6353-8EDF-48C3-A09E-E8326B554EF4}.Debug|Any CPU.Build.0 = Debug|Any CPU
		{24EE6353-8EDF-48C3-A09E-E8326B554EF4}.Release|Any CPU.ActiveCfg = Release|Any CPU
		{24EE6353-8EDF-48C3-A09E-E8326B554EF4}.Release|Any CPU.Build.0 = Release|Any CPU
		{FF5F48C7-A438-42A8-BC87-6454343FD197}.Debug|Any CPU.ActiveCfg = Debug|Any CPU
		{FF5F48C7-A438-42A8-BC87-6454343FD197}.Debug|Any CPU.Build.0 = Debug|Any CPU
		{FF5F48C7-A438-42A8-BC87-6454343FD197}.Release|Any CPU.ActiveCfg = Release|Any CPU
		{FF5F48C7-A438-42A8-BC87-6454343FD197}.Release|Any CPU.Build.0 = Release|Any CPU
		{9E4AD9E7-122F-486C-9BD6-D1DD0A7D8CC0}.Debug|Any CPU.ActiveCfg = Debug|Any CPU
		{9E4AD9E7-122F-486C-9BD6-D1DD0A7D8CC0}.Debug|Any CPU.Build.0 = Debug|Any CPU
		{9E4AD9E7-122F-486C-9BD6-D1DD0A7D8CC0}.Release|Any CPU.ActiveCfg = Release|Any CPU
		{9E4AD9E7-122F-486C-9BD6-D1DD0A7D8CC0}.Release|Any CPU.Build.0 = Release|Any CPU
		{C6DAF361-E1B5-450E-A88E-A649B8E3866B}.Debug|Any CPU.ActiveCfg = Debug|Any CPU
		{C6DAF361-E1B5-450E-A88E-A649B8E3866B}.Debug|Any CPU.Build.0 = Debug|Any CPU
		{C6DAF361-E1B5-450E-A88E-A649B8E3866B}.Release|Any CPU.ActiveCfg = Release|Any CPU
		{C6DAF361-E1B5-450E-A88E-A649B8E3866B}.Release|Any CPU.Build.0 = Release|Any CPU
		{06CB53AF-7599-4F6D-972D-8D5F63965A83}.Debug|Any CPU.ActiveCfg = Debug|Any CPU
		{06CB53AF-7599-4F6D-972D-8D5F63965A83}.Debug|Any CPU.Build.0 = Debug|Any CPU
		{06CB53AF-7599-4F6D-972D-8D5F63965A83}.Release|Any CPU.ActiveCfg = Release|Any CPU
		{06CB53AF-7599-4F6D-972D-8D5F63965A83}.Release|Any CPU.Build.0 = Release|Any CPU
		{784D852D-4BF9-40D0-909F-A922024F4146}.Debug|Any CPU.ActiveCfg = Debug|Any CPU
		{784D852D-4BF9-40D0-909F-A922024F4146}.Debug|Any CPU.Build.0 = Debug|Any CPU
		{784D852D-4BF9-40D0-909F-A922024F4146}.Release|Any CPU.ActiveCfg = Release|Any CPU
		{784D852D-4BF9-40D0-909F-A922024F4146}.Release|Any CPU.Build.0 = Release|Any CPU
	EndGlobalSection
	GlobalSection(SolutionProperties) = preSolution
		HideSolutionNode = FALSE
	EndGlobalSection
	GlobalSection(NestedProjects) = preSolution
		{C13977B0-7AF6-4F17-9669-A66C7F896EC9} = {6CCDD89A-3B45-481E-B611-AF8C9EB92A15}
		{B03C8D5F-ADD4-4957-806F-9F468D2C9E2B} = {A4E7A4C1-381C-450C-9860-AE756E1F0BB1}
		{24EE6353-8EDF-48C3-A09E-E8326B554EF4} = {A4E7A4C1-381C-450C-9860-AE756E1F0BB1}
		{FF5F48C7-A438-42A8-BC87-6454343FD197} = {132803F3-FEEE-4B1C-B7B0-4CA1453E7FC5}
		{9E4AD9E7-122F-486C-9BD6-D1DD0A7D8CC0} = {132803F3-FEEE-4B1C-B7B0-4CA1453E7FC5}
		{C6DAF361-E1B5-450E-A88E-A649B8E3866B} = {DA7F3DAE-04F4-4C86-A19B-FCBAB6735A2B}
		{06CB53AF-7599-4F6D-972D-8D5F63965A83} = {A4E7A4C1-381C-450C-9860-AE756E1F0BB1}
		{784D852D-4BF9-40D0-909F-A922024F4146} = {132803F3-FEEE-4B1C-B7B0-4CA1453E7FC5}
	EndGlobalSection
	GlobalSection(ExtensibilityGlobals) = postSolution
		SolutionGuid = {655BC5E2-856B-4E1B-A035-8E15DA3A632D}
	EndGlobalSection
EndGlobal
